
Microsoft Visual Studio Solution File, Format Version 12.00
# Visual Studio Version 17
VisualStudioVersion = 17.8.34330.188
MinimumVisualStudioVersion = 10.0.40219.1
Project("{FAE04EC0-301F-11D3-BF4B-00C04F79EFBC}") = "GaleevUR", "GaleevUR.csproj", "{E4B9B799-F5C9-4B31-A257-8A5AD3C3C810}"
EndProject
Global
	GlobalSection(SolutionConfigurationPlatforms) = preSolution
		Debug|Any CPU = Debug|Any CPU
		Release|Any CPU = Release|Any CPU
	EndGlobalSection
	GlobalSection(ProjectConfigurationPlatforms) = postSolution
		{E4B9B799-F5C9-4B31-A257-8A5AD3C3C810}.Debug|Any CPU.ActiveCfg = Debug|Any CPU
		{E4B9B799-F5C9-4B31-A257-8A5AD3C3C810}.Debug|Any CPU.Build.0 = Debug|Any CPU
		{E4B9B799-F5C9-4B31-A257-8A5AD3C3C810}.Release|Any CPU.ActiveCfg = Release|Any CPU
		{E4B9B799-F5C9-4B31-A257-8A5AD3C3C810}.Release|Any CPU.Build.0 = Release|Any CPU
	EndGlobalSection
	GlobalSection(SolutionProperties) = preSolution
		HideSolutionNode = FALSE
	EndGlobalSection
	GlobalSection(ExtensibilityGlobals) = postSolution
		SolutionGuid = {285D122A-F4BA-420A-8B76-0F6E4E89F139}
	EndGlobalSection
EndGlobal
